
Microsoft Visual Studio Solution File, Format Version 12.00
# Visual Studio Version 17
VisualStudioVersion = 17.14.36518.9 d17.14
MinimumVisualStudioVersion = 10.0.40219.1
Project("{FAE04EC0-301F-11D3-BF4B-00C04F79EFBC}") = "ExpenseTracker", "ExpenseTracker\ExpenseTracker.csproj", "{003151DD-58D0-4D89-ACA4-10E909376CBF}"
EndProject
Global
	GlobalSection(SolutionConfigurationPlatforms) = preSolution
		Debug|Any CPU = Debug|Any CPU
		Release|Any CPU = Release|Any CPU
	EndGlobalSection
	GlobalSection(ProjectConfigurationPlatforms) = postSolution
		{003151DD-58D0-4D89-ACA4-10E909376CBF}.Debug|Any CPU.ActiveCfg = Debug|Any CPU
		{003151DD-58D0-4D89-ACA4-10E909376CBF}.Debug|Any CPU.Build.0 = Debug|Any CPU
		{003151DD-58D0-4D89-ACA4-10E909376CBF}.Release|Any CPU.ActiveCfg = Release|Any CPU
		{003151DD-58D0-4D89-ACA4-10E909376CBF}.Release|Any CPU.Build.0 = Release|Any CPU
	EndGlobalSection
	GlobalSection(SolutionProperties) = preSolution
		HideSolutionNode = FALSE
	EndGlobalSection
	GlobalSection(ExtensibilityGlobals) = postSolution
		SolutionGuid = {E877671B-1758-444B-93AA-CA204B8648A7}
	EndGlobalSection
EndGlobal
